
Microsoft Visual Studio Solution File, Format Version 12.00
# Visual Studio Version 16
VisualStudioVersion = 16.0.31911.196
MinimumVisualStudioVersion = 10.0.40219.1
Project("{9A19103F-16F7-4668-BE54-9A1E7A4F7556}") = "AutomationUi", "Selenium_Tests\AutomationUi.csproj", "{771737A4-F6A9-4952-AB23-AFEFB67C0E34}"
EndProject
Project("{9A19103F-16F7-4668-BE54-9A1E7A4F7556}") = "AutomationUITests", "Automation\AutomationUITests.csproj", "{FC723464-3C5D-496F-B51E-E846402D0DD6}"
EndProject
Global
	GlobalSection(SolutionConfigurationPlatforms) = preSolution
		Debug|Any CPU = Debug|Any CPU
		Release|Any CPU = Release|Any CPU
	EndGlobalSection
	GlobalSection(ProjectConfigurationPlatforms) = postSolution
		{771737A4-F6A9-4952-AB23-AFEFB67C0E34}.Debug|Any CPU.ActiveCfg = Debug|Any CPU
		{771737A4-F6A9-4952-AB23-AFEFB67C0E34}.Debug|Any CPU.Build.0 = Debug|Any CPU
		{771737A4-F6A9-4952-AB23-AFEFB67C0E34}.Release|Any CPU.ActiveCfg = Release|Any CPU
		{771737A4-F6A9-4952-AB23-AFEFB67C0E34}.Release|Any CPU.Build.0 = Release|Any CPU
		{FC723464-3C5D-496F-B51E-E846402D0DD6}.Debug|Any CPU.ActiveCfg = Debug|Any CPU
		{FC723464-3C5D-496F-B51E-E846402D0DD6}.Debug|Any CPU.Build.0 = Debug|Any CPU
		{FC723464-3C5D-496F-B51E-E846402D0DD6}.Release|Any CPU.ActiveCfg = Release|Any CPU
		{FC723464-3C5D-496F-B51E-E846402D0DD6}.Release|Any CPU.Build.0 = Release|Any CPU
	EndGlobalSection
	GlobalSection(SolutionProperties) = preSolution
		HideSolutionNode = FALSE
	EndGlobalSection
	GlobalSection(ExtensibilityGlobals) = postSolution
		SolutionGuid = {EAD5090C-5911-4C46-8B85-059D53C28F2A}
	EndGlobalSection
EndGlobal
